// !$*UTF8*$!
{
	archiveVersion = 1;
	classes = {
	};
	objectVersion = 56;
	objects = {

/* Begin PBXBuildFile section */
		0429B3572C37C503004283B3 /* Beiruti-VariableFont_wght.ttf in Resources */ = {isa = PBXBuildFile; fileRef = 0429B3562C37C503004283B3 /* Beiruti-VariableFont_wght.ttf */; };
		0451ECAA2C365B6B00270737 /* Data.swift in Sources */ = {isa = PBXBuildFile; fileRef = 0451ECA92C365B6B00270737 /* Data.swift */; };
		04530AD82C37B03800980813 /* CustomCollectionViewCell.swift in Sources */ = {isa = PBXBuildFile; fileRef = 04530AD72C37B03800980813 /* CustomCollectionViewCell.swift */; };
		2324FF052C3A76DC00344A5B /* Beiruti-Medium.ttf in Resources */ = {isa = PBXBuildFile; fileRef = 2324FF032C3A76DC00344A5B /* Beiruti-Medium.ttf */; };
		2324FF062C3A76DC00344A5B /* Beiruti-Light.ttf in Resources */ = {isa = PBXBuildFile; fileRef = 2324FF042C3A76DC00344A5B /* Beiruti-Light.ttf */; };
		233501902C36EAEC00EA2B37 /* (null) in Resources */ = {isa = PBXBuildFile; };
		237A27102C3535D000627133 /* AppDelegate.swift in Sources */ = {isa = PBXBuildFile; fileRef = 237A270F2C3535D000627133 /* AppDelegate.swift */; };
		237A27122C3535D000627133 /* SceneDelegate.swift in Sources */ = {isa = PBXBuildFile; fileRef = 237A27112C3535D000627133 /* SceneDelegate.swift */; };
		237A27142C3535D000627133 /* ViewController.swift in Sources */ = {isa = PBXBuildFile; fileRef = 237A27132C3535D000627133 /* ViewController.swift */; };
		237A27192C3535D200627133 /* Assets.xcassets in Resources */ = {isa = PBXBuildFile; fileRef = 237A27182C3535D200627133 /* Assets.xcassets */; };
		237A271C2C3535D200627133 /* Base in Resources */ = {isa = PBXBuildFile; fileRef = 237A271B2C3535D200627133 /* Base */; };
/* End PBXBuildFile section */

/* Begin PBXFileReference section */
		0429B3562C37C503004283B3 /* Beiruti-VariableFont_wght.ttf */ = {isa = PBXFileReference; lastKnownFileType = file; path = "Beiruti-VariableFont_wght.ttf"; sourceTree = "<group>"; };
		0451ECA92C365B6B00270737 /* Data.swift */ = {isa = PBXFileReference; lastKnownFileType = sourcecode.swift; path = Data.swift; sourceTree = "<group>"; };
		04530AD72C37B03800980813 /* CustomCollectionViewCell.swift */ = {isa = PBXFileReference; lastKnownFileType = sourcecode.swift; path = CustomCollectionViewCell.swift; sourceTree = "<group>"; };
		2324FF032C3A76DC00344A5B /* Beiruti-Medium.ttf */ = {isa = PBXFileReference; lastKnownFileType = file; path = "Beiruti-Medium.ttf"; sourceTree = "<group>"; };
		2324FF042C3A76DC00344A5B /* Beiruti-Light.ttf */ = {isa = PBXFileReference; lastKnownFileType = file; path = "Beiruti-Light.ttf"; sourceTree = "<group>"; };
		237A270C2C3535D000627133 /* teamProjectCafeHooligan.app */ = {isa = PBXFileReference; explicitFileType = wrapper.application; includeInIndex = 0; path = teamProjectCafeHooligan.app; sourceTree = BUILT_PRODUCTS_DIR; };
		237A270F2C3535D000627133 /* AppDelegate.swift */ = {isa = PBXFileReference; lastKnownFileType = sourcecode.swift; path = AppDelegate.swift; sourceTree = "<group>"; };
		237A27112C3535D000627133 /* SceneDelegate.swift */ = {isa = PBXFileReference; lastKnownFileType = sourcecode.swift; path = SceneDelegate.swift; sourceTree = "<group>"; };
		237A27132C3535D000627133 /* ViewController.swift */ = {isa = PBXFileReference; lastKnownFileType = sourcecode.swift; path = ViewController.swift; sourceTree = "<group>"; };
		237A27182C3535D200627133 /* Assets.xcassets */ = {isa = PBXFileReference; lastKnownFileType = folder.assetcatalog; path = Assets.xcassets; sourceTree = "<group>"; };
		237A271B2C3535D200627133 /* Base */ = {isa = PBXFileReference; lastKnownFileType = file.storyboard; name = Base; path = Base.lproj/LaunchScreen.storyboard; sourceTree = "<group>"; };
		237A271D2C3535D200627133 /* Info.plist */ = {isa = PBXFileReference; lastKnownFileType = text.plist.xml; path = Info.plist; sourceTree = "<group>"; };
/* End PBXFileReference section */

/* Begin PBXFrameworksBuildPhase section */
		237A27092C3535D000627133 /* Frameworks */ = {
			isa = PBXFrameworksBuildPhase;
			buildActionMask = 2147483647;
			files = (
			);
			runOnlyForDeploymentPostprocessing = 0;
		};
/* End PBXFrameworksBuildPhase section */

/* Begin PBXGroup section */
		2335018E2C36EAC100EA2B37 /* Fonts */ = {
			isa = PBXGroup;
			children = (
				2324FF042C3A76DC00344A5B /* Beiruti-Light.ttf */,
				2324FF032C3A76DC00344A5B /* Beiruti-Medium.ttf */,
				0429B3562C37C503004283B3 /* Beiruti-VariableFont_wght.ttf */,
			);
			path = Fonts;
			sourceTree = "<group>";
		};
		237A27032C3535D000627133 = {
			isa = PBXGroup;
			children = (
				237A270E2C3535D000627133 /* teamProjectCafeHooligan */,
				237A270D2C3535D000627133 /* Products */,
			);
			sourceTree = "<group>";
		};
		237A270D2C3535D000627133 /* Products */ = {
			isa = PBXGroup;
			children = (
				237A270C2C3535D000627133 /* teamProjectCafeHooligan.app */,
			);
			name = Products;
			sourceTree = "<group>";
		};
		237A270E2C3535D000627133 /* teamProjectCafeHooligan */ = {
			isa = PBXGroup;
			children = (
				2335018E2C36EAC100EA2B37 /* Fonts */,
				237A270F2C3535D000627133 /* AppDelegate.swift */,
				237A27112C3535D000627133 /* SceneDelegate.swift */,
				04530AD72C37B03800980813 /* CustomCollectionViewCell.swift */,
				237A27132C3535D000627133 /* ViewController.swift */,
				0451ECA92C365B6B00270737 /* Data.swift */,
				237A27182C3535D200627133 /* Assets.xcassets */,
				237A271A2C3535D200627133 /* LaunchScreen.storyboard */,
				237A271D2C3535D200627133 /* Info.plist */,
			);
			path = teamProjectCafeHooligan;
			sourceTree = "<group>";
		};
/* End PBXGroup section */

/* Begin PBXNativeTarget section */
		237A270B2C3535D000627133 /* teamProjectCafeHooligan */ = {
			isa = PBXNativeTarget;
			buildConfigurationList = 237A27202C3535D200627133 /* Build configuration list for PBXNativeTarget "teamProjectCafeHooligan" */;
			buildPhases = (
				237A27082C3535D000627133 /* Sources */,
				237A27092C3535D000627133 /* Frameworks */,
				237A270A2C3535D000627133 /* Resources */,
			);
			buildRules = (
			);
			dependencies = (
			);
			name = teamProjectCafeHooligan;
			productName = teamProjectCafeHooligan;
			productReference = 237A270C2C3535D000627133 /* teamProjectCafeHooligan.app */;
			productType = "com.apple.product-type.application";
		};
/* End PBXNativeTarget section */

/* Begin PBXProject section */
		237A27042C3535D000627133 /* Project object */ = {
			isa = PBXProject;
			attributes = {
				BuildIndependentTargetsInParallel = 1;
				LastSwiftUpdateCheck = 1540;
				LastUpgradeCheck = 1540;
				TargetAttributes = {
					237A270B2C3535D000627133 = {
						CreatedOnToolsVersion = 15.4;
					};
				};
			};
			buildConfigurationList = 237A27072C3535D000627133 /* Build configuration list for PBXProject "teamProjectCafeHooligan" */;
			compatibilityVersion = "Xcode 14.0";
			developmentRegion = en;
			hasScannedForEncodings = 0;
			knownRegions = (
				en,
				Base,
			);
			mainGroup = 237A27032C3535D000627133;
			productRefGroup = 237A270D2C3535D000627133 /* Products */;
			projectDirPath = "";
			projectRoot = "";
			targets = (
				237A270B2C3535D000627133 /* teamProjectCafeHooligan */,
			);
		};
/* End PBXProject section */

/* Begin PBXResourcesBuildPhase section */
		237A270A2C3535D000627133 /* Resources */ = {
			isa = PBXResourcesBuildPhase;
			buildActionMask = 2147483647;
			files = (
				2324FF052C3A76DC00344A5B /* Beiruti-Medium.ttf in Resources */,
				0429B3572C37C503004283B3 /* Beiruti-VariableFont_wght.ttf in Resources */,
				233501902C36EAEC00EA2B37 /* (null) in Resources */,
				237A27192C3535D200627133 /* Assets.xcassets in Resources */,
				2324FF062C3A76DC00344A5B /* Beiruti-Light.ttf in Resources */,
				237A271C2C3535D200627133 /* Base in Resources */,
			);
			runOnlyForDeploymentPostprocessing = 0;
		};
/* End PBXResourcesBuildPhase section */

/* Begin PBXSourcesBuildPhase section */
		237A27082C3535D000627133 /* Sources */ = {
			isa = PBXSourcesBuildPhase;
			buildActionMask = 2147483647;
			files = (
				237A27142C3535D000627133 /* ViewController.swift in Sources */,
				04530AD82C37B03800980813 /* CustomCollectionViewCell.swift in Sources */,
				237A27102C3535D000627133 /* AppDelegate.swift in Sources */,
				237A27122C3535D000627133 /* SceneDelegate.swift in Sources */,
				0451ECAA2C365B6B00270737 /* Data.swift in Sources */,
			);
			runOnlyForDeploymentPostprocessing = 0;
		};
/* End PBXSourcesBuildPhase section */

/* Begin PBXVariantGroup section */
		237A271A2C3535D200627133 /* LaunchScreen.storyboard */ = {
			isa = PBXVariantGroup;
			children = (
				237A271B2C3535D200627133 /* Base */,
			);
			name = LaunchScreen.storyboard;
			sourceTree = "<group>";
		};
/* End PBXVariantGroup section */

/* Begin XCBuildConfiguration section */
		237A271E2C3535D200627133 /* Debug */ = {
			isa = XCBuildConfiguration;
			buildSettings = {
				ALWAYS_SEARCH_USER_PATHS = NO;
				ASSETCATALOG_COMPILER_GENERATE_SWIFT_ASSET_SYMBOL_EXTENSIONS = YES;
				CLANG_ANALYZER_NONNULL = YES;
				CLANG_ANALYZER_NUMBER_OBJECT_CONVERSION = YES_AGGRESSIVE;
				CLANG_CXX_LANGUAGE_STANDARD = "gnu++20";
				CLANG_ENABLE_MODULES = YES;
				CLANG_ENABLE_OBJC_ARC = YES;
				CLANG_ENABLE_OBJC_WEAK = YES;
				CLANG_WARN_BLOCK_CAPTURE_AUTORELEASING = YES;
				CLANG_WARN_BOOL_CONVERSION = YES;
				CLANG_WARN_COMMA = YES;
				CLANG_WARN_CONSTANT_CONVERSION = YES;
				CLANG_WARN_DEPRECATED_OBJC_IMPLEMENTATIONS = YES;
				CLANG_WARN_DIRECT_OBJC_ISA_USAGE = YES_ERROR;
				CLANG_WARN_DOCUMENTATION_COMMENTS = YES;
				CLANG_WARN_EMPTY_BODY = YES;
				CLANG_WARN_ENUM_CONVERSION = YES;
				CLANG_WARN_INFINITE_RECURSION = YES;
				CLANG_WARN_INT_CONVERSION = YES;
				CLANG_WARN_NON_LITERAL_NULL_CONVERSION = YES;
				CLANG_WARN_OBJC_IMPLICIT_RETAIN_SELF = YES;
				CLANG_WARN_OBJC_LITERAL_CONVERSION = YES;
				CLANG_WARN_OBJC_ROOT_CLASS = YES_ERROR;
				CLANG_WARN_QUOTED_INCLUDE_IN_FRAMEWORK_HEADER = YES;
				CLANG_WARN_RANGE_LOOP_ANALYSIS = YES;
				CLANG_WARN_STRICT_PROTOTYPES = YES;
				CLANG_WARN_SUSPICIOUS_MOVE = YES;
				CLANG_WARN_UNGUARDED_AVAILABILITY = YES_AGGRESSIVE;
				CLANG_WARN_UNREACHABLE_CODE = YES;
				CLANG_WARN__DUPLICATE_METHOD_MATCH = YES;
				COPY_PHASE_STRIP = NO;
				DEBUG_INFORMATION_FORMAT = dwarf;
				ENABLE_STRICT_OBJC_MSGSEND = YES;
				ENABLE_TESTABILITY = YES;
				ENABLE_USER_SCRIPT_SANDBOXING = YES;
				GCC_C_LANGUAGE_STANDARD = gnu17;
				GCC_DYNAMIC_NO_PIC = NO;
				GCC_NO_COMMON_BLOCKS = YES;
				GCC_OPTIMIZATION_LEVEL = 0;
				GCC_PREPROCESSOR_DEFINITIONS = (
					"DEBUG=1",
					"$(inherited)",
				);
				GCC_WARN_64_TO_32_BIT_CONVERSION = YES;
				GCC_WARN_ABOUT_RETURN_TYPE = YES_ERROR;
				GCC_WARN_UNDECLARED_SELECTOR = YES;
				GCC_WARN_UNINITIALIZED_AUTOS = YES_AGGRESSIVE;
				GCC_WARN_UNUSED_FUNCTION = YES;
				GCC_WARN_UNUSED_VARIABLE = YES;
				IPHONEOS_DEPLOYMENT_TARGET = 15.0;
				LOCALIZATION_PREFERS_STRING_CATALOGS = YES;
				MTL_ENABLE_DEBUG_INFO = INCLUDE_SOURCE;
				MTL_FAST_MATH = YES;
				ONLY_ACTIVE_ARCH = YES;
				SDKROOT = iphoneos;
				SWIFT_ACTIVE_COMPILATION_CONDITIONS = "DEBUG $(inherited)";
				SWIFT_OPTIMIZATION_LEVEL = "-Onone";
			};
			name = Debug;
		};
		237A271F2C3535D200627133 /* Release */ = {
			isa = XCBuildConfiguration;
			buildSettings = {
				ALWAYS_SEARCH_USER_PATHS = NO;
				ASSETCATALOG_COMPILER_GENERATE_SWIFT_ASSET_SYMBOL_EXTENSIONS = YES;
				CLANG_ANALYZER_NONNULL = YES;
				CLANG_ANALYZER_NUMBER_OBJECT_CONVERSION = YES_AGGRESSIVE;
				CLANG_CXX_LANGUAGE_STANDARD = "gnu++20";
				CLANG_ENABLE_MODULES = YES;
				CLANG_ENABLE_OBJC_ARC = YES;
				CLANG_ENABLE_OBJC_WEAK = YES;
				CLANG_WARN_BLOCK_CAPTURE_AUTORELEASING = YES;
				CLANG_WARN_BOOL_CONVERSION = YES;
				CLANG_WARN_COMMA = YES;
				CLANG_WARN_CONSTANT_CONVERSION = YES;
				CLANG_WARN_DEPRECATED_OBJC_IMPLEMENTATIONS = YES;
				CLANG_WARN_DIRECT_OBJC_ISA_USAGE = YES_ERROR;
				CLANG_WARN_DOCUMENTATION_COMMENTS = YES;
				CLANG_WARN_EMPTY_BODY = YES;
				CLANG_WARN_ENUM_CONVERSION = YES;
				CLANG_WARN_INFINITE_RECURSION = YES;
				CLANG_WARN_INT_CONVERSION = YES;
				CLANG_WARN_NON_LITERAL_NULL_CONVERSION = YES;
				CLANG_WARN_OBJC_IMPLICIT_RETAIN_SELF = YES;
				CLANG_WARN_OBJC_LITERAL_CONVERSION = YES;
				CLANG_WARN_OBJC_ROOT_CLASS = YES_ERROR;
				CLANG_WARN_QUOTED_INCLUDE_IN_FRAMEWORK_HEADER = YES;
				CLANG_WARN_RANGE_LOOP_ANALYSIS = YES;
				CLANG_WARN_STRICT_PROTOTYPES = YES;
				CLANG_WARN_SUSPICIOUS_MOVE = YES;
				CLANG_WARN_UNGUARDED_AVAILABILITY = YES_AGGRESSIVE;
				CLANG_WARN_UNREACHABLE_CODE = YES;
				CLANG_WARN__DUPLICATE_METHOD_MATCH = YES;
				COPY_PHASE_STRIP = NO;
				DEBUG_INFORMATION_FORMAT = "dwarf-with-dsym";
				ENABLE_NS_ASSERTIONS = NO;
				ENABLE_STRICT_OBJC_MSGSEND = YES;
				ENABLE_USER_SCRIPT_SANDBOXING = YES;
				GCC_C_LANGUAGE_STANDARD = gnu17;
				GCC_NO_COMMON_BLOCKS = YES;
				GCC_WARN_64_TO_32_BIT_CONVERSION = YES;
				GCC_WARN_ABOUT_RETURN_TYPE = YES_ERROR;
				GCC_WARN_UNDECLARED_SELECTOR = YES;
				GCC_WARN_UNINITIALIZED_AUTOS = YES_AGGRESSIVE;
				GCC_WARN_UNUSED_FUNCTION = YES;
				GCC_WARN_UNUSED_VARIABLE = YES;
				IPHONEOS_DEPLOYMENT_TARGET = 15.0;
				LOCALIZATION_PREFERS_STRING_CATALOGS = YES;
				MTL_ENABLE_DEBUG_INFO = NO;
				MTL_FAST_MATH = YES;
				SDKROOT = iphoneos;
				SWIFT_COMPILATION_MODE = wholemodule;
				VALIDATE_PRODUCT = YES;
			};
			name = Release;
		};
		237A27212C3535D200627133 /* Debug */ = {
			isa = XCBuildConfiguration;
			buildSettings = {
				ASSETCATALOG_COMPILER_APPICON_NAME = AppIcon;
				ASSETCATALOG_COMPILER_GLOBAL_ACCENT_COLOR_NAME = AccentColor;
				CODE_SIGN_STYLE = Automatic;
				CURRENT_PROJECT_VERSION = 1;
				DEVELOPMENT_TEAM = "";
				GENERATE_INFOPLIST_FILE = YES;
				INFOPLIST_FILE = teamProjectCafeHooligan/Info.plist;
				INFOPLIST_KEY_UIApplicationSupportsIndirectInputEvents = YES;
				INFOPLIST_KEY_UILaunchStoryboardName = LaunchScreen;
				INFOPLIST_KEY_UISupportedInterfaceOrientations_iPad = "UIInterfaceOrientationPortrait UIInterfaceOrientationPortraitUpsideDown UIInterfaceOrientationLandscapeLeft UIInterfaceOrientationLandscapeRight";
				INFOPLIST_KEY_UISupportedInterfaceOrientations_iPhone = "UIInterfaceOrientationPortrait UIInterfaceOrientationLandscapeLeft UIInterfaceOrientationLandscapeRight";
				LD_RUNPATH_SEARCH_PATHS = (
					"$(inherited)",
					"@executable_path/Frameworks",
				);
				MARKETING_VERSION = 1.0;
				PRODUCT_BUNDLE_IDENTIFIER = com.jean.teamProjectCafeHooligan;
				PRODUCT_NAME = "$(TARGET_NAME)";
				SWIFT_EMIT_LOC_STRINGS = YES;
				SWIFT_VERSION = 5.0;
				TARGETED_DEVICE_FAMILY = "1,2";
			};
			name = Debug;
		};
		237A27222C3535D200627133 /* Release */ = {
			isa = XCBuildConfiguration;
			buildSettings = {
				ASSETCATALOG_COMPILER_APPICON_NAME = AppIcon;
				ASSETCATALOG_COMPILER_GLOBAL_ACCENT_COLOR_NAME = AccentColor;
				CODE_SIGN_STYLE = Automatic;
				CURRENT_PROJECT_VERSION = 1;
				DEVELOPMENT_TEAM = "";
				GENERATE_INFOPLIST_FILE = YES;
				INFOPLIST_FILE = teamProjectCafeHooligan/Info.plist;
				INFOPLIST_KEY_UIApplicationSupportsIndirectInputEvents = YES;
				INFOPLIST_KEY_UILaunchStoryboardName = LaunchScreen;
				INFOPLIST_KEY_UISupportedInterfaceOrientations_iPad = "UIInterfaceOrientationPortrait UIInterfaceOrientationPortraitUpsideDown UIInterfaceOrientationLandscapeLeft UIInterfaceOrientationLandscapeRight";
				INFOPLIST_KEY_UISupportedInterfaceOrientations_iPhone = "UIInterfaceOrientationPortrait UIInterfaceOrientationLandscapeLeft UIInterfaceOrientationLandscapeRight";
				LD_RUNPATH_SEARCH_PATHS = (
					"$(inherited)",
					"@executable_path/Frameworks",
				);
				MARKETING_VERSION = 1.0;
				PRODUCT_BUNDLE_IDENTIFIER = com.jean.teamProjectCafeHooligan;
				PRODUCT_NAME = "$(TARGET_NAME)";
				SWIFT_EMIT_LOC_STRINGS = YES;
				SWIFT_VERSION = 5.0;
				TARGETED_DEVICE_FAMILY = "1,2";
			};
			name = Release;
		};
/* End XCBuildConfiguration section */

/* Begin XCConfigurationList section */
		237A27072C3535D000627133 /* Build configuration list for PBXProject "teamProjectCafeHooligan" */ = {
			isa = XCConfigurationList;
			buildConfigurations = (
				237A271E2C3535D200627133 /* Debug */,
				237A271F2C3535D200627133 /* Release */,
			);
			defaultConfigurationIsVisible = 0;
			defaultConfigurationName = Release;
		};
		237A27202C3535D200627133 /* Build configuration list for PBXNativeTarget "teamProjectCafeHooligan" */ = {
			isa = XCConfigurationList;
			buildConfigurations = (
				237A27212C3535D200627133 /* Debug */,
				237A27222C3535D200627133 /* Release */,
			);
			defaultConfigurationIsVisible = 0;
			defaultConfigurationName = Release;
		};
/* End XCConfigurationList section */
	};
	rootObject = 237A27042C3535D000627133 /* Project object */;
}
